
Microsoft Visual Studio Solution File, Format Version 12.00
# Visual Studio Version 17
VisualStudioVersion = 17.2.32630.192
MinimumVisualStudioVersion = 10.0.40219.1
Project("{FAE04EC0-301F-11D3-BF4B-00C04F79EFBC}") = "ASP-Identity", "ASP-Identity\ASP-Identity.csproj", "{75D72FFD-C5ED-457A-92C8-7E08B36BF778}"
EndProject
Global
	GlobalSection(SolutionConfigurationPlatforms) = preSolution
		Debug|Any CPU = Debug|Any CPU
		Release|Any CPU = Release|Any CPU
	EndGlobalSection
	GlobalSection(ProjectConfigurationPlatforms) = postSolution
		{75D72FFD-C5ED-457A-92C8-7E08B36BF778}.Debug|Any CPU.ActiveCfg = Debug|Any CPU
		{75D72FFD-C5ED-457A-92C8-7E08B36BF778}.Debug|Any CPU.Build.0 = Debug|Any CPU
		{75D72FFD-C5ED-457A-92C8-7E08B36BF778}.Release|Any CPU.ActiveCfg = Release|Any CPU
		{75D72FFD-C5ED-457A-92C8-7E08B36BF778}.Release|Any CPU.Build.0 = Release|Any CPU
	EndGlobalSection
	GlobalSection(SolutionProperties) = preSolution
		HideSolutionNode = FALSE
	EndGlobalSection
	GlobalSection(ExtensibilityGlobals) = postSolution
		SolutionGuid = {23E138C2-D4C2-44AF-A43C-EBAD11FBC871}
	EndGlobalSection
EndGlobal
